
Microsoft Visual Studio Solution File, Format Version 12.00
# Visual Studio Version 17
VisualStudioVersion = 17.1.32328.378
MinimumVisualStudioVersion = 10.0.40219.1
Project("{9A19103F-16F7-4668-BE54-9A1E7A4F7556}") = "NewsSearch.Core", "..\NewsSearch.Core\NewsSearch.Core.csproj", "{83CBA307-AE34-4CBE-8363-74433661B31C}"
EndProject
Project("{9A19103F-16F7-4668-BE54-9A1E7A4F7556}") = "NewsSearch.Worker", "NewsSearch.Worker\NewsSearch.Worker.csproj", "{9AA3CF3E-0DBB-4E5A-AC9D-102BF81085A6}"
EndProject
Global
	GlobalSection(SolutionConfigurationPlatforms) = preSolution
		Debug|Any CPU = Debug|Any CPU
		Release|Any CPU = Release|Any CPU
	EndGlobalSection
	GlobalSection(ProjectConfigurationPlatforms) = postSolution
		{83CBA307-AE34-4CBE-8363-74433661B31C}.Debug|Any CPU.ActiveCfg = Debug|Any CPU
		{83CBA307-AE34-4CBE-8363-74433661B31C}.Debug|Any CPU.Build.0 = Debug|Any CPU
		{83CBA307-AE34-4CBE-8363-74433661B31C}.Release|Any CPU.ActiveCfg = Release|Any CPU
		{83CBA307-AE34-4CBE-8363-74433661B31C}.Release|Any CPU.Build.0 = Release|Any CPU
		{9AA3CF3E-0DBB-4E5A-AC9D-102BF81085A6}.Debug|Any CPU.ActiveCfg = Debug|Any CPU
		{9AA3CF3E-0DBB-4E5A-AC9D-102BF81085A6}.Debug|Any CPU.Build.0 = Debug|Any CPU
		{9AA3CF3E-0DBB-4E5A-AC9D-102BF81085A6}.Release|Any CPU.ActiveCfg = Release|Any CPU
		{9AA3CF3E-0DBB-4E5A-AC9D-102BF81085A6}.Release|Any CPU.Build.0 = Release|Any CPU
	EndGlobalSection
	GlobalSection(SolutionProperties) = preSolution
		HideSolutionNode = FALSE
	EndGlobalSection
	GlobalSection(ExtensibilityGlobals) = postSolution
		SolutionGuid = {9813E6BA-78C3-4ECB-BAD3-A9E793EB99E1}
	EndGlobalSection
EndGlobal
